
Microsoft Visual Studio Solution File, Format Version 12.00
# Visual Studio 15
VisualStudioVersion = 15.0.27428.2015
MinimumVisualStudioVersion = 10.0.40219.1
Project("{FAE04EC0-301F-11D3-BF4B-00C04F79EFBC}") = "TestTask", "TestTask\TestTask.csproj", "{66824CB3-5B91-4199-AE5E-7B75BD401FF2}"
EndProject
Project("{FAE04EC0-301F-11D3-BF4B-00C04F79EFBC}") = "Message", "Message\Message.csproj", "{1DC01E1C-01BB-4A5C-89D5-205EA16AB29B}"
EndProject
Global
	GlobalSection(SolutionConfigurationPlatforms) = preSolution
		Debug|Any CPU = Debug|Any CPU
		Release|Any CPU = Release|Any CPU
	EndGlobalSection
	GlobalSection(ProjectConfigurationPlatforms) = postSolution
		{66824CB3-5B91-4199-AE5E-7B75BD401FF2}.Debug|Any CPU.ActiveCfg = Debug|Any CPU
		{66824CB3-5B91-4199-AE5E-7B75BD401FF2}.Debug|Any CPU.Build.0 = Debug|Any CPU
		{66824CB3-5B91-4199-AE5E-7B75BD401FF2}.Release|Any CPU.ActiveCfg = Release|Any CPU
		{66824CB3-5B91-4199-AE5E-7B75BD401FF2}.Release|Any CPU.Build.0 = Release|Any CPU
		{1DC01E1C-01BB-4A5C-89D5-205EA16AB29B}.Debug|Any CPU.ActiveCfg = Debug|Any CPU
		{1DC01E1C-01BB-4A5C-89D5-205EA16AB29B}.Debug|Any CPU.Build.0 = Debug|Any CPU
		{1DC01E1C-01BB-4A5C-89D5-205EA16AB29B}.Release|Any CPU.ActiveCfg = Release|Any CPU
		{1DC01E1C-01BB-4A5C-89D5-205EA16AB29B}.Release|Any CPU.Build.0 = Release|Any CPU
	EndGlobalSection
	GlobalSection(SolutionProperties) = preSolution
		HideSolutionNode = FALSE
	EndGlobalSection
	GlobalSection(ExtensibilityGlobals) = postSolution
		SolutionGuid = {09FD0442-252E-40F4-99D7-3397EDAF9571}
	EndGlobalSection
EndGlobal
