
Microsoft Visual Studio Solution File, Format Version 12.00
# Visual Studio 15
VisualStudioVersion = 15.0.27428.2015
MinimumVisualStudioVersion = 10.0.40219.1
Project("{FAE04EC0-301F-11D3-BF4B-00C04F79EFBC}") = "TestTask2", "TestTask2\TestTask2.csproj", "{687DFE0E-907A-482D-B44F-23027DBF9709}"
EndProject
Global
	GlobalSection(SolutionConfigurationPlatforms) = preSolution
		Debug|Any CPU = Debug|Any CPU
		Release|Any CPU = Release|Any CPU
	EndGlobalSection
	GlobalSection(ProjectConfigurationPlatforms) = postSolution
		{687DFE0E-907A-482D-B44F-23027DBF9709}.Debug|Any CPU.ActiveCfg = Debug|Any CPU
		{687DFE0E-907A-482D-B44F-23027DBF9709}.Debug|Any CPU.Build.0 = Debug|Any CPU
		{687DFE0E-907A-482D-B44F-23027DBF9709}.Release|Any CPU.ActiveCfg = Release|Any CPU
		{687DFE0E-907A-482D-B44F-23027DBF9709}.Release|Any CPU.Build.0 = Release|Any CPU
	EndGlobalSection
	GlobalSection(SolutionProperties) = preSolution
		HideSolutionNode = FALSE
	EndGlobalSection
	GlobalSection(ExtensibilityGlobals) = postSolution
		SolutionGuid = {BC4991C9-E804-497B-8636-F763EA0D0B43}
	EndGlobalSection
EndGlobal
